{
  "lib/fhevm": {
    "tag": {
      "name": "v0.13.1",
      "rev": "53b9dc236b0a5ce30a926d3a84032516c1c13e7c"
    }
  },
  "lib/forge-fhevm": {
    "rev": "1bbab7f06506dca16d750cb81060d052bcce2dc5"
  },
  "lib/forge-std": {
    "tag": {
      "name": "v1.16.2",
      "rev": "bf647bd6046f2f7da30d0c2bf435e5c76a780c1b"
    }
  },
  "lib/openzeppelin-confidential-contracts": {
    "tag": {
      "name": "v0.5.1",
      "rev": "afa97a6cbfa35961c1e2ce21abf5c2115bfb5c0f"
    }
  }
}